
Microsoft Visual Studio Solution File, Format Version 12.00
# Visual Studio Version 16
VisualStudioVersion = 16.0.29926.136
MinimumVisualStudioVersion = 10.0.40219.1
Project("{FAE04EC0-301F-11D3-BF4B-00C04F79EFBC}") = "Task4", "Task4\Task4.csproj", "{117FF504-A498-4E6F-B758-1493505E5661}"
EndProject
Global
	GlobalSection(SolutionConfigurationPlatforms) = preSolution
		Debug|Any CPU = Debug|Any CPU
		Release|Any CPU = Release|Any CPU
	EndGlobalSection
	GlobalSection(ProjectConfigurationPlatforms) = postSolution
		{117FF504-A498-4E6F-B758-1493505E5661}.Debug|Any CPU.ActiveCfg = Debug|Any CPU
		{117FF504-A498-4E6F-B758-1493505E5661}.Debug|Any CPU.Build.0 = Debug|Any CPU
		{117FF504-A498-4E6F-B758-1493505E5661}.Release|Any CPU.ActiveCfg = Release|Any CPU
		{117FF504-A498-4E6F-B758-1493505E5661}.Release|Any CPU.Build.0 = Release|Any CPU
	EndGlobalSection
	GlobalSection(SolutionProperties) = preSolution
		HideSolutionNode = FALSE
	EndGlobalSection
	GlobalSection(ExtensibilityGlobals) = postSolution
		SolutionGuid = {6272F973-82B0-45E6-B261-D4B69CCFB142}
	EndGlobalSection
EndGlobal
